
Microsoft Visual Studio Solution File, Format Version 12.00
# Visual Studio 2012
Project("{8BC9CEB8-8B4A-11D0-8D11-00A0C91BC942}") = "RSA", "RSA\RSA.vcxproj", "{1A2E6AEC-BFB6-46A1-9C7D-D8189BE8C6B8}"
EndProject
Project("{8BC9CEB8-8B4A-11D0-8D11-00A0C91BC942}") = "RSAArgDLL", "RSAArgDLL\RSAArgDLL\RSAArgDLL.vcxproj", "{59C899D4-3114-4167-B3A9-AD8819524282}"
EndProject
Global
	GlobalSection(SolutionConfigurationPlatforms) = preSolution
		Debug|Win32 = Debug|Win32
		Release|Win32 = Release|Win32
	EndGlobalSection
	GlobalSection(ProjectConfigurationPlatforms) = postSolution
		{1A2E6AEC-BFB6-46A1-9C7D-D8189BE8C6B8}.Debug|Win32.ActiveCfg = Debug|Win32
		{1A2E6AEC-BFB6-46A1-9C7D-D8189BE8C6B8}.Debug|Win32.Build.0 = Debug|Win32
		{1A2E6AEC-BFB6-46A1-9C7D-D8189BE8C6B8}.Release|Win32.ActiveCfg = Release|Win32
		{1A2E6AEC-BFB6-46A1-9C7D-D8189BE8C6B8}.Release|Win32.Build.0 = Release|Win32
		{59C899D4-3114-4167-B3A9-AD8819524282}.Debug|Win32.ActiveCfg = Debug|Win32
		{59C899D4-3114-4167-B3A9-AD8819524282}.Debug|Win32.Build.0 = Debug|Win32
		{59C899D4-3114-4167-B3A9-AD8819524282}.Release|Win32.ActiveCfg = Release|Win32
		{59C899D4-3114-4167-B3A9-AD8819524282}.Release|Win32.Build.0 = Release|Win32
	EndGlobalSection
	GlobalSection(SolutionProperties) = preSolution
		HideSolutionNode = FALSE
	EndGlobalSection
EndGlobal
